
Microsoft Visual Studio Solution File, Format Version 12.00
# Visual Studio Version 17
VisualStudioVersion = 17.3.32922.545
MinimumVisualStudioVersion = 10.0.40219.1
Project("{FAE04EC0-301F-11D3-BF4B-00C04F79EFBC}") = "quantum-elevators", "src\quantum-elevators.csproj", "{4A6FE3D4-9718-4CAB-B215-5AE0C8245B33}"
EndProject
Global
	GlobalSection(SolutionConfigurationPlatforms) = preSolution
		Debug|Any CPU = Debug|Any CPU
		Release|Any CPU = Release|Any CPU
	EndGlobalSection
	GlobalSection(ProjectConfigurationPlatforms) = postSolution
		{4A6FE3D4-9718-4CAB-B215-5AE0C8245B33}.Debug|Any CPU.ActiveCfg = Debug|Any CPU
		{4A6FE3D4-9718-4CAB-B215-5AE0C8245B33}.Debug|Any CPU.Build.0 = Debug|Any CPU
		{4A6FE3D4-9718-4CAB-B215-5AE0C8245B33}.Release|Any CPU.ActiveCfg = Release|Any CPU
		{4A6FE3D4-9718-4CAB-B215-5AE0C8245B33}.Release|Any CPU.Build.0 = Release|Any CPU
	EndGlobalSection
	GlobalSection(SolutionProperties) = preSolution
		HideSolutionNode = FALSE
	EndGlobalSection
	GlobalSection(ExtensibilityGlobals) = postSolution
		SolutionGuid = {E647FC29-FD56-445A-AF5B-9B0D475BAE52}
	EndGlobalSection
EndGlobal
